
Microsoft Visual Studio Solution File, Format Version 12.00
# Visual Studio Version 16
VisualStudioVersion = 16.0.29418.71
MinimumVisualStudioVersion = 10.0.40219.1
Project("{FAE04EC0-301F-11D3-BF4B-00C04F79EFBC}") = "DAL", "DAL\DAL.csproj", "{280FBAC1-2F1E-4D57-AE09-BF35142BB820}"
EndProject
Global
	GlobalSection(SolutionConfigurationPlatforms) = preSolution
		Debug|Any CPU = Debug|Any CPU
		Release|Any CPU = Release|Any CPU
	EndGlobalSection
	GlobalSection(ProjectConfigurationPlatforms) = postSolution
		{280FBAC1-2F1E-4D57-AE09-BF35142BB820}.Debug|Any CPU.ActiveCfg = Debug|Any CPU
		{280FBAC1-2F1E-4D57-AE09-BF35142BB820}.Debug|Any CPU.Build.0 = Debug|Any CPU
		{280FBAC1-2F1E-4D57-AE09-BF35142BB820}.Release|Any CPU.ActiveCfg = Release|Any CPU
		{280FBAC1-2F1E-4D57-AE09-BF35142BB820}.Release|Any CPU.Build.0 = Release|Any CPU
	EndGlobalSection
	GlobalSection(SolutionProperties) = preSolution
		HideSolutionNode = FALSE
	EndGlobalSection
	GlobalSection(ExtensibilityGlobals) = postSolution
		SolutionGuid = {CA7C1A6C-F979-4D18-9738-2B51212BEA91}
	EndGlobalSection
EndGlobal
